
Microsoft Visual Studio Solution File, Format Version 12.00
# Visual Studio Version 17
VisualStudioVersion = 17.2.32516.85
MinimumVisualStudioVersion = 10.0.40219.1
Project("{FAE04EC0-301F-11D3-BF4B-00C04F79EFBC}") = "VideoEditor.UWP", "VideoEditor\VideoEditor.UWP\VideoEditor.UWP.csproj", "{970AF38F-6C52-4A8E-A6BE-6C9AD117F409}"
EndProject
Project("{FAE04EC0-301F-11D3-BF4B-00C04F79EFBC}") = "VideoEditor.Android", "VideoEditor\VideoEditor.Android\VideoEditor.Android.csproj", "{1B9EB903-23DB-4535-ADD3-2ACEDAEC0602}"
EndProject
Project("{FAE04EC0-301F-11D3-BF4B-00C04F79EFBC}") = "VideoEditor.iOS", "VideoEditor\VideoEditor.iOS\VideoEditor.iOS.csproj", "{E6823479-E0E4-4EE2-B0E6-D24A841E4276}"
EndProject
Project("{9A19103F-16F7-4668-BE54-9A1E7A4F7556}") = "VideoEditor", "VideoEditor\VideoEditor\VideoEditor.csproj", "{018482A4-54FE-4BF2-97A4-366035988606}"
EndProject
Project("{888888A0-9F3D-457C-B088-3A5042F75D52}") = "VideoEditor.Server", "VideoEditor\VideoEditor.Server\VideoEditor.Server.pyproj", "{B2D0FF1C-677D-4872-972C-B665329F0246}"
EndProject
Project("{FAE04EC0-301F-11D3-BF4B-00C04F79EFBC}") = "VideoEditor.Tests", "VideoEditor\VideoEditor.Tests\VideoEditor.Tests.csproj", "{01D22357-D0C9-4518-AFF2-F8F6FED180D6}"
EndProject
Global
	GlobalSection(SolutionConfigurationPlatforms) = preSolution
		Debug|Any CPU = Debug|Any CPU
		Debug|ARM = Debug|ARM
		Debug|iPhone = Debug|iPhone
		Debug|iPhoneSimulator = Debug|iPhoneSimulator
		Debug|x64 = Debug|x64
		Debug|x86 = Debug|x86
		Release|Any CPU = Release|Any CPU
		Release|ARM = Release|ARM
		Release|iPhone = Release|iPhone
		Release|iPhoneSimulator = Release|iPhoneSimulator
		Release|x64 = Release|x64
		Release|x86 = Release|x86
	EndGlobalSection
	GlobalSection(ProjectConfigurationPlatforms) = postSolution
		{970AF38F-6C52-4A8E-A6BE-6C9AD117F409}.Debug|Any CPU.ActiveCfg = Debug|x64
		{970AF38F-6C52-4A8E-A6BE-6C9AD117F409}.Debug|Any CPU.Build.0 = Debug|x64
		{970AF38F-6C52-4A8E-A6BE-6C9AD117F409}.Debug|Any CPU.Deploy.0 = Debug|x64
		{970AF38F-6C52-4A8E-A6BE-6C9AD117F409}.Debug|ARM.ActiveCfg = Debug|ARM
		{970AF38F-6C52-4A8E-A6BE-6C9AD117F409}.Debug|ARM.Build.0 = Debug|ARM
		{970AF38F-6C52-4A8E-A6BE-6C9AD117F409}.Debug|ARM.Deploy.0 = Debug|ARM
		{970AF38F-6C52-4A8E-A6BE-6C9AD117F409}.Debug|iPhone.ActiveCfg = Debug|x64
		{970AF38F-6C52-4A8E-A6BE-6C9AD117F409}.Debug|iPhone.Build.0 = Debug|x64
		{970AF38F-6C52-4A8E-A6BE-6C9AD117F409}.Debug|iPhone.Deploy.0 = Debug|x64
		{970AF38F-6C52-4A8E-A6BE-6C9AD117F409}.Debug|iPhoneSimulator.ActiveCfg = Debug|x64
		{970AF38F-6C52-4A8E-A6BE-6C9AD117F409}.Debug|iPhoneSimulator.Build.0 = Debug|x64
		{970AF38F-6C52-4A8E-A6BE-6C9AD117F409}.Debug|iPhoneSimulator.Deploy.0 = Debug|x64
		{970AF38F-6C52-4A8E-A6BE-6C9AD117F409}.Debug|x64.ActiveCfg = Debug|x64
		{970AF38F-6C52-4A8E-A6BE-6C9AD117F409}.Debug|x64.Build.0 = Debug|x64
		{970AF38F-6C52-4A8E-A6BE-6C9AD117F409}.Debug|x64.Deploy.0 = Debug|x64
		{970AF38F-6C52-4A8E-A6BE-6C9AD117F409}.Debug|x86.ActiveCfg = Debug|x86
		{970AF38F-6C52-4A8E-A6BE-6C9AD117F409}.Debug|x86.Build.0 = Debug|x86
		{970AF38F-6C52-4A8E-A6BE-6C9AD117F409}.Debug|x86.Deploy.0 = Debug|x86
		{970AF38F-6C52-4A8E-A6BE-6C9AD117F409}.Release|Any CPU.ActiveCfg = Release|x64
		{970AF38F-6C52-4A8E-A6BE-6C9AD117F409}.Release|Any CPU.Build.0 = Release|x64
		{970AF38F-6C52-4A8E-A6BE-6C9AD117F409}.Release|Any CPU.Deploy.0 = Release|x64
		{970AF38F-6C52-4A8E-A6BE-6C9AD117F409}.Release|ARM.ActiveCfg = Release|ARM
		{970AF38F-6C52-4A8E-A6BE-6C9AD117F409}.Release|ARM.Build.0 = Release|ARM
		{970AF38F-6C52-4A8E-A6BE-6C9AD117F409}.Release|ARM.Deploy.0 = Release|ARM
		{970AF38F-6C52-4A8E-A6BE-6C9AD117F409}.Release|iPhone.ActiveCfg = Release|x64
		{970AF38F-6C52-4A8E-A6BE-6C9AD117F409}.Release|iPhone.Build.0 = Release|x64
		{970AF38F-6C52-4A8E-A6BE-6C9AD117F409}.Release|iPhone.Deploy.0 = Release|x64
		{970AF38F-6C52-4A8E-A6BE-6C9AD117F409}.Release|iPhoneSimulator.ActiveCfg = Release|x64
		{970AF38F-6C52-4A8E-A6BE-6C9AD117F409}.Release|iPhoneSimulator.Build.0 = Release|x64
		{970AF38F-6C52-4A8E-A6BE-6C9AD117F409}.Release|iPhoneSimulator.Deploy.0 = Release|x64
		{970AF38F-6C52-4A8E-A6BE-6C9AD117F409}.Release|x64.ActiveCfg = Release|x64
		{970AF38F-6C52-4A8E-A6BE-6C9AD117F409}.Release|x64.Build.0 = Release|x64
		{970AF38F-6C52-4A8E-A6BE-6C9AD117F409}.Release|x64.Deploy.0 = Release|x64
		{970AF38F-6C52-4A8E-A6BE-6C9AD117F409}.Release|x86.ActiveCfg = Release|x86
		{970AF38F-6C52-4A8E-A6BE-6C9AD117F409}.Release|x86.Build.0 = Release|x86
		{970AF38F-6C52-4A8E-A6BE-6C9AD117F409}.Release|x86.Deploy.0 = Release|x86
		{1B9EB903-23DB-4535-ADD3-2ACEDAEC0602}.Debug|Any CPU.ActiveCfg = Debug|Any CPU
		{1B9EB903-23DB-4535-ADD3-2ACEDAEC0602}.Debug|Any CPU.Build.0 = Debug|Any CPU
		{1B9EB903-23DB-4535-ADD3-2ACEDAEC0602}.Debug|Any CPU.Deploy.0 = Debug|Any CPU
		{1B9EB903-23DB-4535-ADD3-2ACEDAEC0602}.Debug|ARM.ActiveCfg = Debug|Any CPU
		{1B9EB903-23DB-4535-ADD3-2ACEDAEC0602}.Debug|ARM.Build.0 = Debug|Any CPU
		{1B9EB903-23DB-4535-ADD3-2ACEDAEC0602}.Debug|ARM.Deploy.0 = Debug|Any CPU
		{1B9EB903-23DB-4535-ADD3-2ACEDAEC0602}.Debug|iPhone.ActiveCfg = Debug|Any CPU
		{1B9EB903-23DB-4535-ADD3-2ACEDAEC0602}.Debug|iPhone.Build.0 = Debug|Any CPU
		{1B9EB903-23DB-4535-ADD3-2ACEDAEC0602}.Debug|iPhone.Deploy.0 = Debug|Any CPU
		{1B9EB903-23DB-4535-ADD3-2ACEDAEC0602}.Debug|iPhoneSimulator.ActiveCfg = Debug|Any CPU
		{1B9EB903-23DB-4535-ADD3-2ACEDAEC0602}.Debug|iPhoneSimulator.Build.0 = Debug|Any CPU
		{1B9EB903-23DB-4535-ADD3-2ACEDAEC0602}.Debug|iPhoneSimulator.Deploy.0 = Debug|Any CPU
		{1B9EB903-23DB-4535-ADD3-2ACEDAEC0602}.Debug|x64.ActiveCfg = Debug|Any CPU
		{1B9EB903-23DB-4535-ADD3-2ACEDAEC0602}.Debug|x64.Build.0 = Debug|Any CPU
		{1B9EB903-23DB-4535-ADD3-2ACEDAEC0602}.Debug|x64.Deploy.0 = Debug|Any CPU
		{1B9EB903-23DB-4535-ADD3-2ACEDAEC0602}.Debug|x86.ActiveCfg = Debug|Any CPU
		{1B9EB903-23DB-4535-ADD3-2ACEDAEC0602}.Debug|x86.Build.0 = Debug|Any CPU
		{1B9EB903-23DB-4535-ADD3-2ACEDAEC0602}.Debug|x86.Deploy.0 = Debug|Any CPU
		{1B9EB903-23DB-4535-ADD3-2ACEDAEC0602}.Release|Any CPU.ActiveCfg = Release|Any CPU
		{1B9EB903-23DB-4535-ADD3-2ACEDAEC0602}.Release|Any CPU.Build.0 = Release|Any CPU
		{1B9EB903-23DB-4535-ADD3-2ACEDAEC0602}.Release|Any CPU.Deploy.0 = Release|Any CPU
		{1B9EB903-23DB-4535-ADD3-2ACEDAEC0602}.Release|ARM.ActiveCfg = Release|Any CPU
		{1B9EB903-23DB-4535-ADD3-2ACEDAEC0602}.Release|ARM.Build.0 = Release|Any CPU
		{1B9EB903-23DB-4535-ADD3-2ACEDAEC0602}.Release|ARM.Deploy.0 = Release|Any CPU
		{1B9EB903-23DB-4535-ADD3-2ACEDAEC0602}.Release|iPhone.ActiveCfg = Release|Any CPU
		{1B9EB903-23DB-4535-ADD3-2ACEDAEC0602}.Release|iPhone.Build.0 = Release|Any CPU
		{1B9EB903-23DB-4535-ADD3-2ACEDAEC0602}.Release|iPhone.Deploy.0 = Release|Any CPU
		{1B9EB903-23DB-4535-ADD3-2ACEDAEC0602}.Release|iPhoneSimulator.ActiveCfg = Release|Any CPU
		{1B9EB903-23DB-4535-ADD3-2ACEDAEC0602}.Release|iPhoneSimulator.Build.0 = Release|Any CPU
		{1B9EB903-23DB-4535-ADD3-2ACEDAEC0602}.Release|iPhoneSimulator.Deploy.0 = Release|Any CPU
		{1B9EB903-23DB-4535-ADD3-2ACEDAEC0602}.Release|x64.ActiveCfg = Release|Any CPU
		{1B9EB903-23DB-4535-ADD3-2ACEDAEC0602}.Release|x64.Build.0 = Release|Any CPU
		{1B9EB903-23DB-4535-ADD3-2ACEDAEC0602}.Release|x64.Deploy.0 = Release|Any CPU
		{1B9EB903-23DB-4535-ADD3-2ACEDAEC0602}.Release|x86.ActiveCfg = Release|Any CPU
		{1B9EB903-23DB-4535-ADD3-2ACEDAEC0602}.Release|x86.Build.0 = Release|Any CPU
		{1B9EB903-23DB-4535-ADD3-2ACEDAEC0602}.Release|x86.Deploy.0 = Release|Any CPU
		{E6823479-E0E4-4EE2-B0E6-D24A841E4276}.Debug|Any CPU.ActiveCfg = Debug|iPhoneSimulator
		{E6823479-E0E4-4EE2-B0E6-D24A841E4276}.Debug|Any CPU.Build.0 = Debug|iPhoneSimulator
		{E6823479-E0E4-4EE2-B0E6-D24A841E4276}.Debug|Any CPU.Deploy.0 = Debug|iPhoneSimulator
		{E6823479-E0E4-4EE2-B0E6-D24A841E4276}.Debug|ARM.ActiveCfg = Debug|iPhoneSimulator
		{E6823479-E0E4-4EE2-B0E6-D24A841E4276}.Debug|ARM.Build.0 = Debug|iPhoneSimulator
		{E6823479-E0E4-4EE2-B0E6-D24A841E4276}.Debug|ARM.Deploy.0 = Debug|iPhoneSimulator
		{E6823479-E0E4-4EE2-B0E6-D24A841E4276}.Debug|iPhone.ActiveCfg = Debug|iPhone
		{E6823479-E0E4-4EE2-B0E6-D24A841E4276}.Debug|iPhone.Build.0 = Debug|iPhone
		{E6823479-E0E4-4EE2-B0E6-D24A841E4276}.Debug|iPhone.Deploy.0 = Debug|iPhone
		{E6823479-E0E4-4EE2-B0E6-D24A841E4276}.Debug|iPhoneSimulator.ActiveCfg = Debug|iPhoneSimulator
		{E6823479-E0E4-4EE2-B0E6-D24A841E4276}.Debug|iPhoneSimulator.Build.0 = Debug|iPhoneSimulator
		{E6823479-E0E4-4EE2-B0E6-D24A841E4276}.Debug|iPhoneSimulator.Deploy.0 = Debug|iPhoneSimulator
		{E6823479-E0E4-4EE2-B0E6-D24A841E4276}.Debug|x64.ActiveCfg = Debug|iPhone
		{E6823479-E0E4-4EE2-B0E6-D24A841E4276}.Debug|x64.Build.0 = Debug|iPhone
		{E6823479-E0E4-4EE2-B0E6-D24A841E4276}.Debug|x64.Deploy.0 = Debug|iPhone
		{E6823479-E0E4-4EE2-B0E6-D24A841E4276}.Debug|x86.ActiveCfg = Debug|iPhoneSimulator
		{E6823479-E0E4-4EE2-B0E6-D24A841E4276}.Debug|x86.Build.0 = Debug|iPhoneSimulator
		{E6823479-E0E4-4EE2-B0E6-D24A841E4276}.Debug|x86.Deploy.0 = Debug|iPhoneSimulator
		{E6823479-E0E4-4EE2-B0E6-D24A841E4276}.Release|Any CPU.ActiveCfg = Release|iPhoneSimulator
		{E6823479-E0E4-4EE2-B0E6-D24A841E4276}.Release|Any CPU.Build.0 = Release|iPhoneSimulator
		{E6823479-E0E4-4EE2-B0E6-D24A841E4276}.Release|Any CPU.Deploy.0 = Release|iPhoneSimulator
		{E6823479-E0E4-4EE2-B0E6-D24A841E4276}.Release|ARM.ActiveCfg = Release|iPhoneSimulator
		{E6823479-E0E4-4EE2-B0E6-D24A841E4276}.Release|ARM.Build.0 = Release|iPhoneSimulator
		{E6823479-E0E4-4EE2-B0E6-D24A841E4276}.Release|ARM.Deploy.0 = Release|iPhoneSimulator
		{E6823479-E0E4-4EE2-B0E6-D24A841E4276}.Release|iPhone.ActiveCfg = Release|iPhone
		{E6823479-E0E4-4EE2-B0E6-D24A841E4276}.Release|iPhone.Build.0 = Release|iPhone
		{E6823479-E0E4-4EE2-B0E6-D24A841E4276}.Release|iPhone.Deploy.0 = Release|iPhone
		{E6823479-E0E4-4EE2-B0E6-D24A841E4276}.Release|iPhoneSimulator.ActiveCfg = Release|iPhoneSimulator
		{E6823479-E0E4-4EE2-B0E6-D24A841E4276}.Release|iPhoneSimulator.Build.0 = Release|iPhoneSimulator
		{E6823479-E0E4-4EE2-B0E6-D24A841E4276}.Release|iPhoneSimulator.Deploy.0 = Release|iPhoneSimulator
		{E6823479-E0E4-4EE2-B0E6-D24A841E4276}.Release|x64.ActiveCfg = Release|iPhoneSimulator
		{E6823479-E0E4-4EE2-B0E6-D24A841E4276}.Release|x64.Build.0 = Release|iPhoneSimulator
		{E6823479-E0E4-4EE2-B0E6-D24A841E4276}.Release|x64.Deploy.0 = Release|iPhoneSimulator
		{E6823479-E0E4-4EE2-B0E6-D24A841E4276}.Release|x86.ActiveCfg = Release|iPhoneSimulator
		{E6823479-E0E4-4EE2-B0E6-D24A841E4276}.Release|x86.Build.0 = Release|iPhoneSimulator
		{E6823479-E0E4-4EE2-B0E6-D24A841E4276}.Release|x86.Deploy.0 = Release|iPhoneSimulator
		{018482A4-54FE-4BF2-97A4-366035988606}.Debug|Any CPU.ActiveCfg = Debug|Any CPU
		{018482A4-54FE-4BF2-97A4-366035988606}.Debug|Any CPU.Build.0 = Debug|Any CPU
		{018482A4-54FE-4BF2-97A4-366035988606}.Debug|Any CPU.Deploy.0 = Debug|Any CPU
		{018482A4-54FE-4BF2-97A4-366035988606}.Debug|ARM.ActiveCfg = Debug|Any CPU
		{018482A4-54FE-4BF2-97A4-366035988606}.Debug|ARM.Build.0 = Debug|Any CPU
		{018482A4-54FE-4BF2-97A4-366035988606}.Debug|ARM.Deploy.0 = Debug|Any CPU
		{018482A4-54FE-4BF2-97A4-366035988606}.Debug|iPhone.ActiveCfg = Debug|Any CPU
		{018482A4-54FE-4BF2-97A4-366035988606}.Debug|iPhone.Build.0 = Debug|Any CPU
		{018482A4-54FE-4BF2-97A4-366035988606}.Debug|iPhone.Deploy.0 = Debug|Any CPU
		{018482A4-54FE-4BF2-97A4-366035988606}.Debug|iPhoneSimulator.ActiveCfg = Debug|Any CPU
		{018482A4-54FE-4BF2-97A4-366035988606}.Debug|iPhoneSimulator.Build.0 = Debug|Any CPU
		{018482A4-54FE-4BF2-97A4-366035988606}.Debug|iPhoneSimulator.Deploy.0 = Debug|Any CPU
		{018482A4-54FE-4BF2-97A4-366035988606}.Debug|x64.ActiveCfg = Debug|Any CPU
		{018482A4-54FE-4BF2-97A4-366035988606}.Debug|x64.Build.0 = Debug|Any CPU
		{018482A4-54FE-4BF2-97A4-366035988606}.Debug|x64.Deploy.0 = Debug|Any CPU
		{018482A4-54FE-4BF2-97A4-366035988606}.Debug|x86.ActiveCfg = Debug|Any CPU
		{018482A4-54FE-4BF2-97A4-366035988606}.Debug|x86.Build.0 = Debug|Any CPU
		{018482A4-54FE-4BF2-97A4-366035988606}.Debug|x86.Deploy.0 = Debug|Any CPU
		{018482A4-54FE-4BF2-97A4-366035988606}.Release|Any CPU.ActiveCfg = Release|Any CPU
		{018482A4-54FE-4BF2-97A4-366035988606}.Release|Any CPU.Build.0 = Release|Any CPU
		{018482A4-54FE-4BF2-97A4-366035988606}.Release|Any CPU.Deploy.0 = Release|Any CPU
		{018482A4-54FE-4BF2-97A4-366035988606}.Release|ARM.ActiveCfg = Release|Any CPU
		{018482A4-54FE-4BF2-97A4-366035988606}.Release|ARM.Build.0 = Release|Any CPU
		{018482A4-54FE-4BF2-97A4-366035988606}.Release|ARM.Deploy.0 = Release|Any CPU
		{018482A4-54FE-4BF2-97A4-366035988606}.Release|iPhone.ActiveCfg = Release|Any CPU
		{018482A4-54FE-4BF2-97A4-366035988606}.Release|iPhone.Build.0 = Release|Any CPU
		{018482A4-54FE-4BF2-97A4-366035988606}.Release|iPhone.Deploy.0 = Release|Any CPU
		{018482A4-54FE-4BF2-97A4-366035988606}.Release|iPhoneSimulator.ActiveCfg = Release|Any CPU
		{018482A4-54FE-4BF2-97A4-366035988606}.Release|iPhoneSimulator.Build.0 = Release|Any CPU
		{018482A4-54FE-4BF2-97A4-366035988606}.Release|iPhoneSimulator.Deploy.0 = Release|Any CPU
		{018482A4-54FE-4BF2-97A4-366035988606}.Release|x64.ActiveCfg = Release|Any CPU
		{018482A4-54FE-4BF2-97A4-366035988606}.Release|x64.Build.0 = Release|Any CPU
		{018482A4-54FE-4BF2-97A4-366035988606}.Release|x64.Deploy.0 = Release|Any CPU
		{018482A4-54FE-4BF2-97A4-366035988606}.Release|x86.ActiveCfg = Release|Any CPU
		{018482A4-54FE-4BF2-97A4-366035988606}.Release|x86.Build.0 = Release|Any CPU
		{018482A4-54FE-4BF2-97A4-366035988606}.Release|x86.Deploy.0 = Release|Any CPU
		{B2D0FF1C-677D-4872-972C-B665329F0246}.Debug|Any CPU.ActiveCfg = Debug|Any CPU
		{B2D0FF1C-677D-4872-972C-B665329F0246}.Debug|ARM.ActiveCfg = Debug|Any CPU
		{B2D0FF1C-677D-4872-972C-B665329F0246}.Debug|iPhone.ActiveCfg = Debug|Any CPU
		{B2D0FF1C-677D-4872-972C-B665329F0246}.Debug|iPhoneSimulator.ActiveCfg = Debug|Any CPU
		{B2D0FF1C-677D-4872-972C-B665329F0246}.Debug|x64.ActiveCfg = Debug|Any CPU
		{B2D0FF1C-677D-4872-972C-B665329F0246}.Debug|x86.ActiveCfg = Debug|Any CPU
		{B2D0FF1C-677D-4872-972C-B665329F0246}.Release|Any CPU.ActiveCfg = Release|Any CPU
		{B2D0FF1C-677D-4872-972C-B665329F0246}.Release|ARM.ActiveCfg = Release|Any CPU
		{B2D0FF1C-677D-4872-972C-B665329F0246}.Release|iPhone.ActiveCfg = Release|Any CPU
		{B2D0FF1C-677D-4872-972C-B665329F0246}.Release|iPhoneSimulator.ActiveCfg = Release|Any CPU
		{B2D0FF1C-677D-4872-972C-B665329F0246}.Release|x64.ActiveCfg = Release|Any CPU
		{B2D0FF1C-677D-4872-972C-B665329F0246}.Release|x86.ActiveCfg = Release|Any CPU
		{01D22357-D0C9-4518-AFF2-F8F6FED180D6}.Debug|Any CPU.ActiveCfg = Debug|Any CPU
		{01D22357-D0C9-4518-AFF2-F8F6FED180D6}.Debug|Any CPU.Build.0 = Debug|Any CPU
		{01D22357-D0C9-4518-AFF2-F8F6FED180D6}.Debug|ARM.ActiveCfg = Debug|Any CPU
		{01D22357-D0C9-4518-AFF2-F8F6FED180D6}.Debug|ARM.Build.0 = Debug|Any CPU
		{01D22357-D0C9-4518-AFF2-F8F6FED180D6}.Debug|iPhone.ActiveCfg = Debug|Any CPU
		{01D22357-D0C9-4518-AFF2-F8F6FED180D6}.Debug|iPhone.Build.0 = Debug|Any CPU
		{01D22357-D0C9-4518-AFF2-F8F6FED180D6}.Debug|iPhoneSimulator.ActiveCfg = Debug|Any CPU
		{01D22357-D0C9-4518-AFF2-F8F6FED180D6}.Debug|iPhoneSimulator.Build.0 = Debug|Any CPU
		{01D22357-D0C9-4518-AFF2-F8F6FED180D6}.Debug|x64.ActiveCfg = Debug|Any CPU
		{01D22357-D0C9-4518-AFF2-F8F6FED180D6}.Debug|x64.Build.0 = Debug|Any CPU
		{01D22357-D0C9-4518-AFF2-F8F6FED180D6}.Debug|x86.ActiveCfg = Debug|Any CPU
		{01D22357-D0C9-4518-AFF2-F8F6FED180D6}.Debug|x86.Build.0 = Debug|Any CPU
		{01D22357-D0C9-4518-AFF2-F8F6FED180D6}.Release|Any CPU.ActiveCfg = Release|Any CPU
		{01D22357-D0C9-4518-AFF2-F8F6FED180D6}.Release|Any CPU.Build.0 = Release|Any CPU
		{01D22357-D0C9-4518-AFF2-F8F6FED180D6}.Release|ARM.ActiveCfg = Release|Any CPU
		{01D22357-D0C9-4518-AFF2-F8F6FED180D6}.Release|ARM.Build.0 = Release|Any CPU
		{01D22357-D0C9-4518-AFF2-F8F6FED180D6}.Release|iPhone.ActiveCfg = Release|Any CPU
		{01D22357-D0C9-4518-AFF2-F8F6FED180D6}.Release|iPhone.Build.0 = Release|Any CPU
		{01D22357-D0C9-4518-AFF2-F8F6FED180D6}.Release|iPhoneSimulator.ActiveCfg = Release|Any CPU
		{01D22357-D0C9-4518-AFF2-F8F6FED180D6}.Release|iPhoneSimulator.Build.0 = Release|Any CPU
		{01D22357-D0C9-4518-AFF2-F8F6FED180D6}.Release|x64.ActiveCfg = Release|Any CPU
		{01D22357-D0C9-4518-AFF2-F8F6FED180D6}.Release|x64.Build.0 = Release|Any CPU
		{01D22357-D0C9-4518-AFF2-F8F6FED180D6}.Release|x86.ActiveCfg = Release|Any CPU
		{01D22357-D0C9-4518-AFF2-F8F6FED180D6}.Release|x86.Build.0 = Release|Any CPU
	EndGlobalSection
	GlobalSection(SolutionProperties) = preSolution
		HideSolutionNode = FALSE
	EndGlobalSection
	GlobalSection(ExtensibilityGlobals) = postSolution
		SolutionGuid = {CB0804B4-5598-4FDE-93D2-E62E27C1A72B}
	EndGlobalSection
EndGlobal
